
Microsoft Visual Studio Solution File, Format Version 12.00
# Visual Studio 14
VisualStudioVersion = 14.0.23107.0
MinimumVisualStudioVersion = 10.0.40219.1
Project("{FAE04EC0-301F-11D3-BF4B-00C04F79EFBC}") = "Samotorcan.HtmlUi.Windows", "Samotorcan.HtmlUi.Windows\Samotorcan.HtmlUi.Windows.csproj", "{788FC638-26A4-4F2B-8E2D-8110CB4A5DB6}"
EndProject
Project("{FAE04EC0-301F-11D3-BF4B-00C04F79EFBC}") = "Samotorcan.HtmlUi.Core", "Samotorcan.HtmlUi.Core\Samotorcan.HtmlUi.Core.csproj", "{0E723741-071B-405D-9E8E-CB5869750CE0}"
EndProject
Project("{FAE04EC0-301F-11D3-BF4B-00C04F79EFBC}") = "Samotorcan.Examples.TodoList", "Samotorcan.Examples.TodoList\Samotorcan.Examples.TodoList.csproj", "{651A9458-A6BF-4C15-99F9-6206D2E79683}"
EndProject
Project("{FAE04EC0-301F-11D3-BF4B-00C04F79EFBC}") = "Samotorcan.Tests.Windows", "Samotorcan.Tests.Windows\Samotorcan.Tests.Windows.csproj", "{29944A1B-BBEF-4777-85A7-EA7CA09910DB}"
EndProject
Project("{FAE04EC0-301F-11D3-BF4B-00C04F79EFBC}") = "Samotorcan.Tests.Windows.Application", "Samotorcan.Tests.Windows.Application\Samotorcan.Tests.Windows.Application.csproj", "{D4851DCB-EC44-4317-8909-E7061CF09ECF}"
EndProject
Project("{FAE04EC0-301F-11D3-BF4B-00C04F79EFBC}") = "Samotorcan.Tests.Core", "Samotorcan.Tests.Core\Samotorcan.Tests.Core.csproj", "{486EFC64-0110-4840-9AE6-9F6BDB096CAE}"
EndProject
Project("{FAE04EC0-301F-11D3-BF4B-00C04F79EFBC}") = "Samotorcan.HtmlUi.Linux", "Samotorcan.HtmlUi.Linux\Samotorcan.HtmlUi.Linux.csproj", "{0F09066D-8F55-4798-8C12-F9EC51616634}"
EndProject
Project("{FAE04EC0-301F-11D3-BF4B-00C04F79EFBC}") = "Samotorcan.HtmlUi.WindowsForms", "Samotorcan.HtmlUi.WindowsForms\Samotorcan.HtmlUi.WindowsForms.csproj", "{6C57E2DF-CD7D-4129-B719-6891D013D796}"
EndProject
Project("{FAE04EC0-301F-11D3-BF4B-00C04F79EFBC}") = "Samotorcan.HtmlUi.OS", "Samotorcan.HtmlUi.OS\Samotorcan.HtmlUi.OS.csproj", "{5ACD1678-3F55-4D66-970F-1B4F49D72666}"
EndProject
Global
	GlobalSection(SolutionConfigurationPlatforms) = preSolution
		Debug|Any CPU = Debug|Any CPU
		Debug|x64 = Debug|x64
		Debug|x86 = Debug|x86
		NoCA|Any CPU = NoCA|Any CPU
		NoCA|x64 = NoCA|x64
		NoCA|x86 = NoCA|x86
		Release|Any CPU = Release|Any CPU
		Release|x64 = Release|x64
		Release|x86 = Release|x86
	EndGlobalSection
	GlobalSection(ProjectConfigurationPlatforms) = postSolution
		{788FC638-26A4-4F2B-8E2D-8110CB4A5DB6}.Debug|Any CPU.ActiveCfg = Debug|Any CPU
		{788FC638-26A4-4F2B-8E2D-8110CB4A5DB6}.Debug|Any CPU.Build.0 = Debug|Any CPU
		{788FC638-26A4-4F2B-8E2D-8110CB4A5DB6}.Debug|x64.ActiveCfg = Debug|x64
		{788FC638-26A4-4F2B-8E2D-8110CB4A5DB6}.Debug|x64.Build.0 = Debug|x64
		{788FC638-26A4-4F2B-8E2D-8110CB4A5DB6}.Debug|x86.ActiveCfg = Debug|x86
		{788FC638-26A4-4F2B-8E2D-8110CB4A5DB6}.Debug|x86.Build.0 = Debug|x86
		{788FC638-26A4-4F2B-8E2D-8110CB4A5DB6}.NoCA|Any CPU.ActiveCfg = NoCA|Any CPU
		{788FC638-26A4-4F2B-8E2D-8110CB4A5DB6}.NoCA|Any CPU.Build.0 = NoCA|Any CPU
		{788FC638-26A4-4F2B-8E2D-8110CB4A5DB6}.NoCA|x64.ActiveCfg = NoCA|x64
		{788FC638-26A4-4F2B-8E2D-8110CB4A5DB6}.NoCA|x64.Build.0 = NoCA|x64
		{788FC638-26A4-4F2B-8E2D-8110CB4A5DB6}.NoCA|x86.ActiveCfg = NoCA|x86
		{788FC638-26A4-4F2B-8E2D-8110CB4A5DB6}.NoCA|x86.Build.0 = NoCA|x86
		{788FC638-26A4-4F2B-8E2D-8110CB4A5DB6}.Release|Any CPU.ActiveCfg = Release|Any CPU
		{788FC638-26A4-4F2B-8E2D-8110CB4A5DB6}.Release|Any CPU.Build.0 = Release|Any CPU
		{788FC638-26A4-4F2B-8E2D-8110CB4A5DB6}.Release|x64.ActiveCfg = Release|x64
		{788FC638-26A4-4F2B-8E2D-8110CB4A5DB6}.Release|x64.Build.0 = Release|x64
		{788FC638-26A4-4F2B-8E2D-8110CB4A5DB6}.Release|x86.ActiveCfg = Release|x86
		{788FC638-26A4-4F2B-8E2D-8110CB4A5DB6}.Release|x86.Build.0 = Release|x86
		{0E723741-071B-405D-9E8E-CB5869750CE0}.Debug|Any CPU.ActiveCfg = Debug|Any CPU
		{0E723741-071B-405D-9E8E-CB5869750CE0}.Debug|Any CPU.Build.0 = Debug|Any CPU
		{0E723741-071B-405D-9E8E-CB5869750CE0}.Debug|x64.ActiveCfg = Debug|x64
		{0E723741-071B-405D-9E8E-CB5869750CE0}.Debug|x64.Build.0 = Debug|x64
		{0E723741-071B-405D-9E8E-CB5869750CE0}.Debug|x86.ActiveCfg = Debug|x86
		{0E723741-071B-405D-9E8E-CB5869750CE0}.Debug|x86.Build.0 = Debug|x86
		{0E723741-071B-405D-9E8E-CB5869750CE0}.NoCA|Any CPU.ActiveCfg = NoCA|Any CPU
		{0E723741-071B-405D-9E8E-CB5869750CE0}.NoCA|Any CPU.Build.0 = NoCA|Any CPU
		{0E723741-071B-405D-9E8E-CB5869750CE0}.NoCA|x64.ActiveCfg = NoCA|x64
		{0E723741-071B-405D-9E8E-CB5869750CE0}.NoCA|x64.Build.0 = NoCA|x64
		{0E723741-071B-405D-9E8E-CB5869750CE0}.NoCA|x86.ActiveCfg = NoCA|x86
		{0E723741-071B-405D-9E8E-CB5869750CE0}.NoCA|x86.Build.0 = NoCA|x86
		{0E723741-071B-405D-9E8E-CB5869750CE0}.Release|Any CPU.ActiveCfg = Release|Any CPU
		{0E723741-071B-405D-9E8E-CB5869750CE0}.Release|Any CPU.Build.0 = Release|Any CPU
		{0E723741-071B-405D-9E8E-CB5869750CE0}.Release|x64.ActiveCfg = Release|x64
		{0E723741-071B-405D-9E8E-CB5869750CE0}.Release|x64.Build.0 = Release|x64
		{0E723741-071B-405D-9E8E-CB5869750CE0}.Release|x86.ActiveCfg = Release|x86
		{0E723741-071B-405D-9E8E-CB5869750CE0}.Release|x86.Build.0 = Release|x86
		{651A9458-A6BF-4C15-99F9-6206D2E79683}.Debug|Any CPU.ActiveCfg = Debug|Any CPU
		{651A9458-A6BF-4C15-99F9-6206D2E79683}.Debug|Any CPU.Build.0 = Debug|Any CPU
		{651A9458-A6BF-4C15-99F9-6206D2E79683}.Debug|x64.ActiveCfg = Debug|x64
		{651A9458-A6BF-4C15-99F9-6206D2E79683}.Debug|x64.Build.0 = Debug|x64
		{651A9458-A6BF-4C15-99F9-6206D2E79683}.Debug|x86.ActiveCfg = Debug|x86
		{651A9458-A6BF-4C15-99F9-6206D2E79683}.Debug|x86.Build.0 = Debug|x86
		{651A9458-A6BF-4C15-99F9-6206D2E79683}.NoCA|Any CPU.ActiveCfg = Debug|Any CPU
		{651A9458-A6BF-4C15-99F9-6206D2E79683}.NoCA|Any CPU.Build.0 = Debug|Any CPU
		{651A9458-A6BF-4C15-99F9-6206D2E79683}.NoCA|x64.ActiveCfg = Debug|x64
		{651A9458-A6BF-4C15-99F9-6206D2E79683}.NoCA|x64.Build.0 = Debug|x64
		{651A9458-A6BF-4C15-99F9-6206D2E79683}.NoCA|x86.ActiveCfg = Debug|x86
		{651A9458-A6BF-4C15-99F9-6206D2E79683}.NoCA|x86.Build.0 = Debug|x86
		{651A9458-A6BF-4C15-99F9-6206D2E79683}.Release|Any CPU.ActiveCfg = Release|Any CPU
		{651A9458-A6BF-4C15-99F9-6206D2E79683}.Release|Any CPU.Build.0 = Release|Any CPU
		{651A9458-A6BF-4C15-99F9-6206D2E79683}.Release|x64.ActiveCfg = Release|x64
		{651A9458-A6BF-4C15-99F9-6206D2E79683}.Release|x64.Build.0 = Release|x64
		{651A9458-A6BF-4C15-99F9-6206D2E79683}.Release|x86.ActiveCfg = Release|x86
		{651A9458-A6BF-4C15-99F9-6206D2E79683}.Release|x86.Build.0 = Release|x86
		{29944A1B-BBEF-4777-85A7-EA7CA09910DB}.Debug|Any CPU.ActiveCfg = Debug|Any CPU
		{29944A1B-BBEF-4777-85A7-EA7CA09910DB}.Debug|Any CPU.Build.0 = Debug|Any CPU
		{29944A1B-BBEF-4777-85A7-EA7CA09910DB}.Debug|x64.ActiveCfg = Debug|x64
		{29944A1B-BBEF-4777-85A7-EA7CA09910DB}.Debug|x64.Build.0 = Debug|x64
		{29944A1B-BBEF-4777-85A7-EA7CA09910DB}.Debug|x86.ActiveCfg = Debug|x86
		{29944A1B-BBEF-4777-85A7-EA7CA09910DB}.Debug|x86.Build.0 = Debug|x86
		{29944A1B-BBEF-4777-85A7-EA7CA09910DB}.NoCA|Any CPU.ActiveCfg = NoCA|Any CPU
		{29944A1B-BBEF-4777-85A7-EA7CA09910DB}.NoCA|Any CPU.Build.0 = NoCA|Any CPU
		{29944A1B-BBEF-4777-85A7-EA7CA09910DB}.NoCA|x64.ActiveCfg = NoCA|x64
		{29944A1B-BBEF-4777-85A7-EA7CA09910DB}.NoCA|x64.Build.0 = NoCA|x64
		{29944A1B-BBEF-4777-85A7-EA7CA09910DB}.NoCA|x86.ActiveCfg = NoCA|x86
		{29944A1B-BBEF-4777-85A7-EA7CA09910DB}.NoCA|x86.Build.0 = NoCA|x86
		{29944A1B-BBEF-4777-85A7-EA7CA09910DB}.Release|Any CPU.ActiveCfg = Release|Any CPU
		{29944A1B-BBEF-4777-85A7-EA7CA09910DB}.Release|Any CPU.Build.0 = Release|Any CPU
		{29944A1B-BBEF-4777-85A7-EA7CA09910DB}.Release|x64.ActiveCfg = Release|x64
		{29944A1B-BBEF-4777-85A7-EA7CA09910DB}.Release|x64.Build.0 = Release|x64
		{29944A1B-BBEF-4777-85A7-EA7CA09910DB}.Release|x86.ActiveCfg = Release|x86
		{29944A1B-BBEF-4777-85A7-EA7CA09910DB}.Release|x86.Build.0 = Release|x86
		{D4851DCB-EC44-4317-8909-E7061CF09ECF}.Debug|Any CPU.ActiveCfg = Debug|Any CPU
		{D4851DCB-EC44-4317-8909-E7061CF09ECF}.Debug|Any CPU.Build.0 = Debug|Any CPU
		{D4851DCB-EC44-4317-8909-E7061CF09ECF}.Debug|x64.ActiveCfg = Debug|x64
		{D4851DCB-EC44-4317-8909-E7061CF09ECF}.Debug|x64.Build.0 = Debug|x64
		{D4851DCB-EC44-4317-8909-E7061CF09ECF}.Debug|x86.ActiveCfg = Debug|x86
		{D4851DCB-EC44-4317-8909-E7061CF09ECF}.Debug|x86.Build.0 = Debug|x86
		{D4851DCB-EC44-4317-8909-E7061CF09ECF}.NoCA|Any CPU.ActiveCfg = NoCA|Any CPU
		{D4851DCB-EC44-4317-8909-E7061CF09ECF}.NoCA|Any CPU.Build.0 = NoCA|Any CPU
		{D4851DCB-EC44-4317-8909-E7061CF09ECF}.NoCA|x64.ActiveCfg = NoCA|x64
		{D4851DCB-EC44-4317-8909-E7061CF09ECF}.NoCA|x64.Build.0 = NoCA|x64
		{D4851DCB-EC44-4317-8909-E7061CF09ECF}.NoCA|x86.ActiveCfg = NoCA|x86
		{D4851DCB-EC44-4317-8909-E7061CF09ECF}.NoCA|x86.Build.0 = NoCA|x86
		{D4851DCB-EC44-4317-8909-E7061CF09ECF}.Release|Any CPU.ActiveCfg = Release|Any CPU
		{D4851DCB-EC44-4317-8909-E7061CF09ECF}.Release|Any CPU.Build.0 = Release|Any CPU
		{D4851DCB-EC44-4317-8909-E7061CF09ECF}.Release|x64.ActiveCfg = Release|x64
		{D4851DCB-EC44-4317-8909-E7061CF09ECF}.Release|x64.Build.0 = Release|x64
		{D4851DCB-EC44-4317-8909-E7061CF09ECF}.Release|x86.ActiveCfg = Release|x86
		{D4851DCB-EC44-4317-8909-E7061CF09ECF}.Release|x86.Build.0 = Release|x86
		{486EFC64-0110-4840-9AE6-9F6BDB096CAE}.Debug|Any CPU.ActiveCfg = Debug|Any CPU
		{486EFC64-0110-4840-9AE6-9F6BDB096CAE}.Debug|Any CPU.Build.0 = Debug|Any CPU
		{486EFC64-0110-4840-9AE6-9F6BDB096CAE}.Debug|x64.ActiveCfg = Debug|x64
		{486EFC64-0110-4840-9AE6-9F6BDB096CAE}.Debug|x64.Build.0 = Debug|x64
		{486EFC64-0110-4840-9AE6-9F6BDB096CAE}.Debug|x86.ActiveCfg = Debug|x86
		{486EFC64-0110-4840-9AE6-9F6BDB096CAE}.Debug|x86.Build.0 = Debug|x86
		{486EFC64-0110-4840-9AE6-9F6BDB096CAE}.NoCA|Any CPU.ActiveCfg = NoCA|Any CPU
		{486EFC64-0110-4840-9AE6-9F6BDB096CAE}.NoCA|Any CPU.Build.0 = NoCA|Any CPU
		{486EFC64-0110-4840-9AE6-9F6BDB096CAE}.NoCA|x64.ActiveCfg = NoCA|x64
		{486EFC64-0110-4840-9AE6-9F6BDB096CAE}.NoCA|x64.Build.0 = NoCA|x64
		{486EFC64-0110-4840-9AE6-9F6BDB096CAE}.NoCA|x86.ActiveCfg = NoCA|x86
		{486EFC64-0110-4840-9AE6-9F6BDB096CAE}.NoCA|x86.Build.0 = NoCA|x86
		{486EFC64-0110-4840-9AE6-9F6BDB096CAE}.Release|Any CPU.ActiveCfg = Release|Any CPU
		{486EFC64-0110-4840-9AE6-9F6BDB096CAE}.Release|Any CPU.Build.0 = Release|Any CPU
		{486EFC64-0110-4840-9AE6-9F6BDB096CAE}.Release|x64.ActiveCfg = Release|x64
		{486EFC64-0110-4840-9AE6-9F6BDB096CAE}.Release|x64.Build.0 = Release|x64
		{486EFC64-0110-4840-9AE6-9F6BDB096CAE}.Release|x86.ActiveCfg = Release|x86
		{486EFC64-0110-4840-9AE6-9F6BDB096CAE}.Release|x86.Build.0 = Release|x86
		{0F09066D-8F55-4798-8C12-F9EC51616634}.Debug|Any CPU.ActiveCfg = Debug|Any CPU
		{0F09066D-8F55-4798-8C12-F9EC51616634}.Debug|Any CPU.Build.0 = Debug|Any CPU
		{0F09066D-8F55-4798-8C12-F9EC51616634}.Debug|x64.ActiveCfg = Debug|x64
		{0F09066D-8F55-4798-8C12-F9EC51616634}.Debug|x64.Build.0 = Debug|x64
		{0F09066D-8F55-4798-8C12-F9EC51616634}.Debug|x86.ActiveCfg = Debug|x86
		{0F09066D-8F55-4798-8C12-F9EC51616634}.Debug|x86.Build.0 = Debug|x86
		{0F09066D-8F55-4798-8C12-F9EC51616634}.NoCA|Any CPU.ActiveCfg = NoCA|Any CPU
		{0F09066D-8F55-4798-8C12-F9EC51616634}.NoCA|Any CPU.Build.0 = NoCA|Any CPU
		{0F09066D-8F55-4798-8C12-F9EC51616634}.NoCA|x64.ActiveCfg = NoCA|x64
		{0F09066D-8F55-4798-8C12-F9EC51616634}.NoCA|x64.Build.0 = NoCA|x64
		{0F09066D-8F55-4798-8C12-F9EC51616634}.NoCA|x86.ActiveCfg = NoCA|x86
		{0F09066D-8F55-4798-8C12-F9EC51616634}.NoCA|x86.Build.0 = NoCA|x86
		{0F09066D-8F55-4798-8C12-F9EC51616634}.Release|Any CPU.ActiveCfg = Release|Any CPU
		{0F09066D-8F55-4798-8C12-F9EC51616634}.Release|Any CPU.Build.0 = Release|Any CPU
		{0F09066D-8F55-4798-8C12-F9EC51616634}.Release|x64.ActiveCfg = Release|x64
		{0F09066D-8F55-4798-8C12-F9EC51616634}.Release|x64.Build.0 = Release|x64
		{0F09066D-8F55-4798-8C12-F9EC51616634}.Release|x86.ActiveCfg = Release|x86
		{0F09066D-8F55-4798-8C12-F9EC51616634}.Release|x86.Build.0 = Release|x86
		{6C57E2DF-CD7D-4129-B719-6891D013D796}.Debug|Any CPU.ActiveCfg = Debug|Any CPU
		{6C57E2DF-CD7D-4129-B719-6891D013D796}.Debug|Any CPU.Build.0 = Debug|Any CPU
		{6C57E2DF-CD7D-4129-B719-6891D013D796}.Debug|x64.ActiveCfg = Debug|x64
		{6C57E2DF-CD7D-4129-B719-6891D013D796}.Debug|x64.Build.0 = Debug|x64
		{6C57E2DF-CD7D-4129-B719-6891D013D796}.Debug|x86.ActiveCfg = Debug|x86
		{6C57E2DF-CD7D-4129-B719-6891D013D796}.Debug|x86.Build.0 = Debug|x86
		{6C57E2DF-CD7D-4129-B719-6891D013D796}.NoCA|Any CPU.ActiveCfg = NoCA|Any CPU
		{6C57E2DF-CD7D-4129-B719-6891D013D796}.NoCA|Any CPU.Build.0 = NoCA|Any CPU
		{6C57E2DF-CD7D-4129-B719-6891D013D796}.NoCA|x64.ActiveCfg = NoCA|x64
		{6C57E2DF-CD7D-4129-B719-6891D013D796}.NoCA|x64.Build.0 = NoCA|x64
		{6C57E2DF-CD7D-4129-B719-6891D013D796}.NoCA|x86.ActiveCfg = NoCA|x86
		{6C57E2DF-CD7D-4129-B719-6891D013D796}.NoCA|x86.Build.0 = NoCA|x86
		{6C57E2DF-CD7D-4129-B719-6891D013D796}.Release|Any CPU.ActiveCfg = Release|Any CPU
		{6C57E2DF-CD7D-4129-B719-6891D013D796}.Release|Any CPU.Build.0 = Release|Any CPU
		{6C57E2DF-CD7D-4129-B719-6891D013D796}.Release|x64.ActiveCfg = Release|x64
		{6C57E2DF-CD7D-4129-B719-6891D013D796}.Release|x64.Build.0 = Release|x64
		{6C57E2DF-CD7D-4129-B719-6891D013D796}.Release|x86.ActiveCfg = Release|x86
		{6C57E2DF-CD7D-4129-B719-6891D013D796}.Release|x86.Build.0 = Release|x86
		{5ACD1678-3F55-4D66-970F-1B4F49D72666}.Debug|Any CPU.ActiveCfg = Debug|Any CPU
		{5ACD1678-3F55-4D66-970F-1B4F49D72666}.Debug|Any CPU.Build.0 = Debug|Any CPU
		{5ACD1678-3F55-4D66-970F-1B4F49D72666}.Debug|x64.ActiveCfg = Debug|x64
		{5ACD1678-3F55-4D66-970F-1B4F49D72666}.Debug|x64.Build.0 = Debug|x64
		{5ACD1678-3F55-4D66-970F-1B4F49D72666}.Debug|x86.ActiveCfg = Debug|x86
		{5ACD1678-3F55-4D66-970F-1B4F49D72666}.Debug|x86.Build.0 = Debug|x86
		{5ACD1678-3F55-4D66-970F-1B4F49D72666}.NoCA|Any CPU.ActiveCfg = NoCA|Any CPU
		{5ACD1678-3F55-4D66-970F-1B4F49D72666}.NoCA|Any CPU.Build.0 = NoCA|Any CPU
		{5ACD1678-3F55-4D66-970F-1B4F49D72666}.NoCA|x64.ActiveCfg = NoCA|x64
		{5ACD1678-3F55-4D66-970F-1B4F49D72666}.NoCA|x64.Build.0 = NoCA|x64
		{5ACD1678-3F55-4D66-970F-1B4F49D72666}.NoCA|x86.ActiveCfg = NoCA|x86
		{5ACD1678-3F55-4D66-970F-1B4F49D72666}.NoCA|x86.Build.0 = NoCA|x86
		{5ACD1678-3F55-4D66-970F-1B4F49D72666}.Release|Any CPU.ActiveCfg = Release|Any CPU
		{5ACD1678-3F55-4D66-970F-1B4F49D72666}.Release|Any CPU.Build.0 = Release|Any CPU
		{5ACD1678-3F55-4D66-970F-1B4F49D72666}.Release|x64.ActiveCfg = Release|x64
		{5ACD1678-3F55-4D66-970F-1B4F49D72666}.Release|x64.Build.0 = Release|x64
		{5ACD1678-3F55-4D66-970F-1B4F49D72666}.Release|x86.ActiveCfg = Release|x86
		{5ACD1678-3F55-4D66-970F-1B4F49D72666}.Release|x86.Build.0 = Release|x86
	EndGlobalSection
	GlobalSection(SolutionProperties) = preSolution
		HideSolutionNode = FALSE
	EndGlobalSection
EndGlobal
